// !$*UTF8*$!
{
	archiveVersion = 1;
	classes = {
	};
	objectVersion = 56;
	objects = {

/* Begin PBXBuildFile section */
		0960B9CC2910835E00B74480 /* AppDelegate.swift in Sources */ = {isa = PBXBuildFile; fileRef = 0960B9CB2910835E00B74480 /* AppDelegate.swift */; };
		0960B9CE2910835E00B74480 /* SceneDelegate.swift in Sources */ = {isa = PBXBuildFile; fileRef = 0960B9CD2910835E00B74480 /* SceneDelegate.swift */; };
		0960B9D02910835E00B74480 /* UserListViewController.swift in Sources */ = {isa = PBXBuildFile; fileRef = 0960B9CF2910835E00B74480 /* UserListViewController.swift */; };
		0960B9D52910836000B74480 /* Assets.xcassets in Resources */ = {isa = PBXBuildFile; fileRef = 0960B9D42910836000B74480 /* Assets.xcassets */; };
		0960B9D82910836000B74480 /* LaunchScreen.storyboard in Resources */ = {isa = PBXBuildFile; fileRef = 0960B9D62910836000B74480 /* LaunchScreen.storyboard */; };
		0960B9FF2911DC0E00B74480 /* UIViewConstraintExt.swift in Sources */ = {isa = PBXBuildFile; fileRef = 0960B9F92911DC0E00B74480 /* UIViewConstraintExt.swift */; };
		0960BA032911DC0E00B74480 /* UserInfoTableViewCell.swift in Sources */ = {isa = PBXBuildFile; fileRef = 0960B9FD2911DC0E00B74480 /* UserInfoTableViewCell.swift */; };
		F6C9752D2911283D0049FF39 /* UserListView.swift in Sources */ = {isa = PBXBuildFile; fileRef = F6C9752C2911283D0049FF39 /* UserListView.swift */; };
		F6C9752F29112EDC0049FF39 /* UserInfo.swift in Sources */ = {isa = PBXBuildFile; fileRef = F6C9752E29112EDC0049FF39 /* UserInfo.swift */; };
		F6C97531291130380049FF39 /* UserListProviderInterface.swift in Sources */ = {isa = PBXBuildFile; fileRef = F6C97530291130380049FF39 /* UserListProviderInterface.swift */; };
		F6C97533291130890049FF39 /* UserListMockProvider.swift in Sources */ = {isa = PBXBuildFile; fileRef = F6C97532291130890049FF39 /* UserListMockProvider.swift */; };
		F6C97536291131D10049FF39 /* RandomStringProvider.swift in Sources */ = {isa = PBXBuildFile; fileRef = F6C97535291131D10049FF39 /* RandomStringProvider.swift */; };
		F6C975382911323F0049FF39 /* RandomIntProvider.swift in Sources */ = {isa = PBXBuildFile; fileRef = F6C975372911323F0049FF39 /* RandomIntProvider.swift */; };
		F6C975402911A5A30049FF39 /* MobileTestTaskGoraUtilitiesTests.swift in Sources */ = {isa = PBXBuildFile; fileRef = F6C9753F2911A5A30049FF39 /* MobileTestTaskGoraUtilitiesTests.swift */; };
		F6C975472911A8030049FF39 /* MockObjectsTests.swift in Sources */ = {isa = PBXBuildFile; fileRef = F6C975462911A8030049FF39 /* MockObjectsTests.swift */; };
		F6C9754A2911AFED0049FF39 /* AppAlert.swift in Sources */ = {isa = PBXBuildFile; fileRef = F6C975492911AFED0049FF39 /* AppAlert.swift */; };
		F6C9754C2911B00D0049FF39 /* AppConstants.swift in Sources */ = {isa = PBXBuildFile; fileRef = F6C9754B2911B00D0049FF39 /* AppConstants.swift */; };
		F6C9754F2911B0620049FF39 /* CoordinatorTypes.swift in Sources */ = {isa = PBXBuildFile; fileRef = F6C9754E2911B0620049FF39 /* CoordinatorTypes.swift */; };
		F6C975512911B1FA0049FF39 /* AppCoordinator.swift in Sources */ = {isa = PBXBuildFile; fileRef = F6C975502911B1FA0049FF39 /* AppCoordinator.swift */; };
		F6C975532911B2E00049FF39 /* UserInfoCoordinator.swift in Sources */ = {isa = PBXBuildFile; fileRef = F6C975522911B2E00049FF39 /* UserInfoCoordinator.swift */; };
		F6C975552911B3080049FF39 /* ViewControllersFactory.swift in Sources */ = {isa = PBXBuildFile; fileRef = F6C975542911B3080049FF39 /* ViewControllersFactory.swift */; };
		F6C975572911B3EB0049FF39 /* UserDetailsViewController.swift in Sources */ = {isa = PBXBuildFile; fileRef = F6C975562911B3EB0049FF39 /* UserDetailsViewController.swift */; };
		F6C975592911B6C10049FF39 /* UserDetailsCoordinator.swift in Sources */ = {isa = PBXBuildFile; fileRef = F6C975582911B6C10049FF39 /* UserDetailsCoordinator.swift */; };
/* End PBXBuildFile section */

/* Begin PBXContainerItemProxy section */
		F6C975412911A5A30049FF39 /* PBXContainerItemProxy */ = {
			isa = PBXContainerItemProxy;
			containerPortal = 0960B9C02910835E00B74480 /* Project object */;
			proxyType = 1;
			remoteGlobalIDString = 0960B9C72910835E00B74480;
			remoteInfo = MobileTestTaskGora;
		};
/* End PBXContainerItemProxy section */

/* Begin PBXFileReference section */
		0960B9C82910835E00B74480 /* MobileTestTaskGora.app */ = {isa = PBXFileReference; explicitFileType = wrapper.application; includeInIndex = 0; path = MobileTestTaskGora.app; sourceTree = BUILT_PRODUCTS_DIR; };
		0960B9CB2910835E00B74480 /* AppDelegate.swift */ = {isa = PBXFileReference; lastKnownFileType = sourcecode.swift; path = AppDelegate.swift; sourceTree = "<group>"; };
		0960B9CD2910835E00B74480 /* SceneDelegate.swift */ = {isa = PBXFileReference; lastKnownFileType = sourcecode.swift; path = SceneDelegate.swift; sourceTree = "<group>"; };
		0960B9CF2910835E00B74480 /* UserListViewController.swift */ = {isa = PBXFileReference; lastKnownFileType = sourcecode.swift; path = UserListViewController.swift; sourceTree = "<group>"; };
		0960B9D42910836000B74480 /* Assets.xcassets */ = {isa = PBXFileReference; lastKnownFileType = folder.assetcatalog; path = Assets.xcassets; sourceTree = "<group>"; };
		0960B9D72910836000B74480 /* Base */ = {isa = PBXFileReference; lastKnownFileType = file.storyboard; name = Base; path = Base.lproj/LaunchScreen.storyboard; sourceTree = "<group>"; };
		0960B9D92910836000B74480 /* Info.plist */ = {isa = PBXFileReference; lastKnownFileType = text.plist.xml; path = Info.plist; sourceTree = "<group>"; };
		0960B9F92911DC0E00B74480 /* UIViewConstraintExt.swift */ = {isa = PBXFileReference; fileEncoding = 4; lastKnownFileType = sourcecode.swift; path = UIViewConstraintExt.swift; sourceTree = "<group>"; };
		0960B9FD2911DC0E00B74480 /* UserInfoTableViewCell.swift */ = {isa = PBXFileReference; fileEncoding = 4; lastKnownFileType = sourcecode.swift; path = UserInfoTableViewCell.swift; sourceTree = "<group>"; };
		F6C9752C2911283D0049FF39 /* UserListView.swift */ = {isa = PBXFileReference; lastKnownFileType = sourcecode.swift; path = UserListView.swift; sourceTree = "<group>"; };
		F6C9752E29112EDC0049FF39 /* UserInfo.swift */ = {isa = PBXFileReference; lastKnownFileType = sourcecode.swift; path = UserInfo.swift; sourceTree = "<group>"; };
		F6C97530291130380049FF39 /* UserListProviderInterface.swift */ = {isa = PBXFileReference; lastKnownFileType = sourcecode.swift; path = UserListProviderInterface.swift; sourceTree = "<group>"; };
		F6C97532291130890049FF39 /* UserListMockProvider.swift */ = {isa = PBXFileReference; lastKnownFileType = sourcecode.swift; path = UserListMockProvider.swift; sourceTree = "<group>"; };
		F6C97535291131D10049FF39 /* RandomStringProvider.swift */ = {isa = PBXFileReference; lastKnownFileType = sourcecode.swift; path = RandomStringProvider.swift; sourceTree = "<group>"; };
		F6C975372911323F0049FF39 /* RandomIntProvider.swift */ = {isa = PBXFileReference; lastKnownFileType = sourcecode.swift; path = RandomIntProvider.swift; sourceTree = "<group>"; };
		F6C9753D2911A5A30049FF39 /* MobileTestTaskGoraTests.xctest */ = {isa = PBXFileReference; explicitFileType = wrapper.cfbundle; includeInIndex = 0; path = MobileTestTaskGoraTests.xctest; sourceTree = BUILT_PRODUCTS_DIR; };
		F6C9753F2911A5A30049FF39 /* MobileTestTaskGoraUtilitiesTests.swift */ = {isa = PBXFileReference; lastKnownFileType = sourcecode.swift; path = MobileTestTaskGoraUtilitiesTests.swift; sourceTree = "<group>"; };
		F6C975462911A8030049FF39 /* MockObjectsTests.swift */ = {isa = PBXFileReference; lastKnownFileType = sourcecode.swift; path = MockObjectsTests.swift; sourceTree = "<group>"; };
		F6C975492911AFED0049FF39 /* AppAlert.swift */ = {isa = PBXFileReference; lastKnownFileType = sourcecode.swift; path = AppAlert.swift; sourceTree = "<group>"; };
		F6C9754B2911B00D0049FF39 /* AppConstants.swift */ = {isa = PBXFileReference; lastKnownFileType = sourcecode.swift; path = AppConstants.swift; sourceTree = "<group>"; };
		F6C9754E2911B0620049FF39 /* CoordinatorTypes.swift */ = {isa = PBXFileReference; lastKnownFileType = sourcecode.swift; path = CoordinatorTypes.swift; sourceTree = "<group>"; };
		F6C975502911B1FA0049FF39 /* AppCoordinator.swift */ = {isa = PBXFileReference; lastKnownFileType = sourcecode.swift; path = AppCoordinator.swift; sourceTree = "<group>"; };
		F6C975522911B2E00049FF39 /* UserInfoCoordinator.swift */ = {isa = PBXFileReference; lastKnownFileType = sourcecode.swift; path = UserInfoCoordinator.swift; sourceTree = "<group>"; };
		F6C975542911B3080049FF39 /* ViewControllersFactory.swift */ = {isa = PBXFileReference; lastKnownFileType = sourcecode.swift; path = ViewControllersFactory.swift; sourceTree = "<group>"; };
		F6C975562911B3EB0049FF39 /* UserDetailsViewController.swift */ = {isa = PBXFileReference; lastKnownFileType = sourcecode.swift; path = UserDetailsViewController.swift; sourceTree = "<group>"; };
		F6C975582911B6C10049FF39 /* UserDetailsCoordinator.swift */ = {isa = PBXFileReference; lastKnownFileType = sourcecode.swift; path = UserDetailsCoordinator.swift; sourceTree = "<group>"; };
/* End PBXFileReference section */

/* Begin PBXFrameworksBuildPhase section */
		0960B9C52910835E00B74480 /* Frameworks */ = {
			isa = PBXFrameworksBuildPhase;
			buildActionMask = 2147483647;
			files = (
			);
			runOnlyForDeploymentPostprocessing = 0;
		};
		F6C9753A2911A5A30049FF39 /* Frameworks */ = {
			isa = PBXFrameworksBuildPhase;
			buildActionMask = 2147483647;
			files = (
			);
			runOnlyForDeploymentPostprocessing = 0;
		};
/* End PBXFrameworksBuildPhase section */

/* Begin PBXGroup section */
		0960B9BF2910835E00B74480 = {
			isa = PBXGroup;
			children = (
				0960B9CA2910835E00B74480 /* MobileTestTaskGora */,
				F6C9753E2911A5A30049FF39 /* MobileTestTaskGoraTests */,
				0960B9C92910835E00B74480 /* Products */,
			);
			sourceTree = "<group>";
		};
		0960B9C92910835E00B74480 /* Products */ = {
			isa = PBXGroup;
			children = (
				0960B9C82910835E00B74480 /* MobileTestTaskGora.app */,
				F6C9753D2911A5A30049FF39 /* MobileTestTaskGoraTests.xctest */,
			);
			name = Products;
			sourceTree = "<group>";
		};
		0960B9CA2910835E00B74480 /* MobileTestTaskGora */ = {
			isa = PBXGroup;
			children = (
				F6C975482911AFDC0049FF39 /* Common */,
				F6C97534291131B60049FF39 /* Utilities */,
				F6C9752B291127A60049FF39 /* Model */,
				F6C9752A291127970049FF39 /* Views */,
				F6C975292911278F0049FF39 /* Controllers */,
				0960B9CB2910835E00B74480 /* AppDelegate.swift */,
				0960B9CD2910835E00B74480 /* SceneDelegate.swift */,
				0960B9D42910836000B74480 /* Assets.xcassets */,
				0960B9D62910836000B74480 /* LaunchScreen.storyboard */,
				0960B9D92910836000B74480 /* Info.plist */,
			);
			path = MobileTestTaskGora;
			sourceTree = "<group>";
		};
		0960BA052911F9AD00B74480 /* CellView */ = {
			isa = PBXGroup;
			children = (
				0960B9FD2911DC0E00B74480 /* UserInfoTableViewCell.swift */,
			);
			path = CellView;
			sourceTree = "<group>";
		};
		F6C975292911278F0049FF39 /* Controllers */ = {
			isa = PBXGroup;
			children = (
				F6C9754D2911B0430049FF39 /* Coordinator */,
				0960B9CF2910835E00B74480 /* UserListViewController.swift */,
				F6C975562911B3EB0049FF39 /* UserDetailsViewController.swift */,
			);
			path = Controllers;
			sourceTree = "<group>";
		};
		F6C9752A291127970049FF39 /* Views */ = {
			isa = PBXGroup;
			children = (
				0960BA052911F9AD00B74480 /* CellView */,
				F6C9752C2911283D0049FF39 /* UserListView.swift */,
			);
			path = Views;
			sourceTree = "<group>";
		};
		F6C9752B291127A60049FF39 /* Model */ = {
			isa = PBXGroup;
			children = (
				F6C9752E29112EDC0049FF39 /* UserInfo.swift */,
				F6C97530291130380049FF39 /* UserListProviderInterface.swift */,
				F6C97532291130890049FF39 /* UserListMockProvider.swift */,
			);
			path = Model;
			sourceTree = "<group>";
		};
		F6C97534291131B60049FF39 /* Utilities */ = {
			isa = PBXGroup;
			children = (
				0960B9F92911DC0E00B74480 /* UIViewConstraintExt.swift */,
				F6C97535291131D10049FF39 /* RandomStringProvider.swift */,
				F6C975372911323F0049FF39 /* RandomIntProvider.swift */,
			);
			path = Utilities;
			sourceTree = "<group>";
		};
		F6C9753E2911A5A30049FF39 /* MobileTestTaskGoraTests */ = {
			isa = PBXGroup;
			children = (
				F6C9753F2911A5A30049FF39 /* MobileTestTaskGoraUtilitiesTests.swift */,
				F6C975462911A8030049FF39 /* MockObjectsTests.swift */,
			);
			path = MobileTestTaskGoraTests;
			sourceTree = "<group>";
		};
		F6C975482911AFDC0049FF39 /* Common */ = {
			isa = PBXGroup;
			children = (
				F6C975492911AFED0049FF39 /* AppAlert.swift */,
				F6C9754B2911B00D0049FF39 /* AppConstants.swift */,
			);
			path = Common;
			sourceTree = "<group>";
		};
		F6C9754D2911B0430049FF39 /* Coordinator */ = {
			isa = PBXGroup;
			children = (
				F6C9754E2911B0620049FF39 /* CoordinatorTypes.swift */,
				F6C975502911B1FA0049FF39 /* AppCoordinator.swift */,
				F6C975522911B2E00049FF39 /* UserInfoCoordinator.swift */,
				F6C975542911B3080049FF39 /* ViewControllersFactory.swift */,
				F6C975582911B6C10049FF39 /* UserDetailsCoordinator.swift */,
			);
			path = Coordinator;
			sourceTree = "<group>";
		};
/* End PBXGroup section */

/* Begin PBXNativeTarget section */
		0960B9C72910835E00B74480 /* MobileTestTaskGora */ = {
			isa = PBXNativeTarget;
			buildConfigurationList = 0960B9DC2910836000B74480 /* Build configuration list for PBXNativeTarget "MobileTestTaskGora" */;
			buildPhases = (
				0960B9DF2910837500B74480 /* ShellScript */,
				0960B9C42910835E00B74480 /* Sources */,
				0960B9C52910835E00B74480 /* Frameworks */,
				0960B9C62910835E00B74480 /* Resources */,
			);
			buildRules = (
			);
			dependencies = (
			);
			name = MobileTestTaskGora;
			productName = MobileTestTaskGora;
			productReference = 0960B9C82910835E00B74480 /* MobileTestTaskGora.app */;
			productType = "com.apple.product-type.application";
		};
		F6C9753C2911A5A30049FF39 /* MobileTestTaskGoraTests */ = {
			isa = PBXNativeTarget;
			buildConfigurationList = F6C975432911A5A30049FF39 /* Build configuration list for PBXNativeTarget "MobileTestTaskGoraTests" */;
			buildPhases = (
				F6C975392911A5A30049FF39 /* Sources */,
				F6C9753A2911A5A30049FF39 /* Frameworks */,
				F6C9753B2911A5A30049FF39 /* Resources */,
			);
			buildRules = (
			);
			dependencies = (
				F6C975422911A5A30049FF39 /* PBXTargetDependency */,
			);
			name = MobileTestTaskGoraTests;
			productName = MobileTestTaskGoraTests;
			productReference = F6C9753D2911A5A30049FF39 /* MobileTestTaskGoraTests.xctest */;
			productType = "com.apple.product-type.bundle.unit-test";
		};
/* End PBXNativeTarget section */

/* Begin PBXProject section */
		0960B9C02910835E00B74480 /* Project object */ = {
			isa = PBXProject;
			attributes = {
				BuildIndependentTargetsInParallel = 1;
				LastSwiftUpdateCheck = 1400;
				LastUpgradeCheck = 1400;
				TargetAttributes = {
					0960B9C72910835E00B74480 = {
						CreatedOnToolsVersion = 14.0.1;
					};
					F6C9753C2911A5A30049FF39 = {
						CreatedOnToolsVersion = 14.0.1;
						TestTargetID = 0960B9C72910835E00B74480;
					};
				};
			};
			buildConfigurationList = 0960B9C32910835E00B74480 /* Build configuration list for PBXProject "MobileTestTaskGora" */;
			compatibilityVersion = "Xcode 14.0";
			developmentRegion = en;
			hasScannedForEncodings = 0;
			knownRegions = (
				en,
				Base,
			);
			mainGroup = 0960B9BF2910835E00B74480;
			productRefGroup = 0960B9C92910835E00B74480 /* Products */;
			projectDirPath = "";
			projectRoot = "";
			targets = (
				0960B9C72910835E00B74480 /* MobileTestTaskGora */,
				F6C9753C2911A5A30049FF39 /* MobileTestTaskGoraTests */,
			);
		};
/* End PBXProject section */

/* Begin PBXResourcesBuildPhase section */
		0960B9C62910835E00B74480 /* Resources */ = {
			isa = PBXResourcesBuildPhase;
			buildActionMask = 2147483647;
			files = (
				0960B9D82910836000B74480 /* LaunchScreen.storyboard in Resources */,
				0960B9D52910836000B74480 /* Assets.xcassets in Resources */,
			);
			runOnlyForDeploymentPostprocessing = 0;
		};
		F6C9753B2911A5A30049FF39 /* Resources */ = {
			isa = PBXResourcesBuildPhase;
			buildActionMask = 2147483647;
			files = (
			);
			runOnlyForDeploymentPostprocessing = 0;
		};
/* End PBXResourcesBuildPhase section */

/* Begin PBXShellScriptBuildPhase section */
		0960B9DF2910837500B74480 /* ShellScript */ = {
			isa = PBXShellScriptBuildPhase;
			buildActionMask = 2147483647;
			files = (
			);
			inputFileListPaths = (
			);
			inputPaths = (
			);
			outputFileListPaths = (
			);
			outputPaths = (
			);
			runOnlyForDeploymentPostprocessing = 0;
			shellPath = /bin/sh;
			shellScript = "if test -d \"/opt/homebrew/bin/\"; then\n  PATH=\"/opt/homebrew/bin/:${PATH}\"\nfi\n\nexport PATH\n\nif which swiftlint >/dev/null; then\n  swiftlint --fix && swiftlint\nelse\n  echo \"warning: SwiftLint not installed, download from https://github.com/realm/SwiftLint\"\nfi\n";
		};
/* End PBXShellScriptBuildPhase section */

/* Begin PBXSourcesBuildPhase section */
		0960B9C42910835E00B74480 /* Sources */ = {
			isa = PBXSourcesBuildPhase;
			buildActionMask = 2147483647;
			files = (
				F6C97536291131D10049FF39 /* RandomStringProvider.swift in Sources */,
				0960B9D02910835E00B74480 /* UserListViewController.swift in Sources */,
				F6C975512911B1FA0049FF39 /* AppCoordinator.swift in Sources */,
				0960B9FF2911DC0E00B74480 /* UIViewConstraintExt.swift in Sources */,
				0960B9CC2910835E00B74480 /* AppDelegate.swift in Sources */,
				F6C9754C2911B00D0049FF39 /* AppConstants.swift in Sources */,
				0960B9CE2910835E00B74480 /* SceneDelegate.swift in Sources */,
				F6C9752F29112EDC0049FF39 /* UserInfo.swift in Sources */,
				F6C97533291130890049FF39 /* UserListMockProvider.swift in Sources */,
				F6C975382911323F0049FF39 /* RandomIntProvider.swift in Sources */,
				F6C9752D2911283D0049FF39 /* UserListView.swift in Sources */,
				F6C9754A2911AFED0049FF39 /* AppAlert.swift in Sources */,
				F6C975552911B3080049FF39 /* ViewControllersFactory.swift in Sources */,
				F6C975532911B2E00049FF39 /* UserInfoCoordinator.swift in Sources */,
				F6C9754F2911B0620049FF39 /* CoordinatorTypes.swift in Sources */,
				0960BA032911DC0E00B74480 /* UserInfoTableViewCell.swift in Sources */,
				F6C975572911B3EB0049FF39 /* UserDetailsViewController.swift in Sources */,
				F6C97531291130380049FF39 /* UserListProviderInterface.swift in Sources */,
				F6C975592911B6C10049FF39 /* UserDetailsCoordinator.swift in Sources */,
			);
			runOnlyForDeploymentPostprocessing = 0;
		};
		F6C975392911A5A30049FF39 /* Sources */ = {
			isa = PBXSourcesBuildPhase;
			buildActionMask = 2147483647;
			files = (
				F6C975472911A8030049FF39 /* MockObjectsTests.swift in Sources */,
				F6C975402911A5A30049FF39 /* MobileTestTaskGoraUtilitiesTests.swift in Sources */,
			);
			runOnlyForDeploymentPostprocessing = 0;
		};
/* End PBXSourcesBuildPhase section */

/* Begin PBXTargetDependency section */
		F6C975422911A5A30049FF39 /* PBXTargetDependency */ = {
			isa = PBXTargetDependency;
			target = 0960B9C72910835E00B74480 /* MobileTestTaskGora */;
			targetProxy = F6C975412911A5A30049FF39 /* PBXContainerItemProxy */;
		};
/* End PBXTargetDependency section */

/* Begin PBXVariantGroup section */
		0960B9D62910836000B74480 /* LaunchScreen.storyboard */ = {
			isa = PBXVariantGroup;
			children = (
				0960B9D72910836000B74480 /* Base */,
			);
			name = LaunchScreen.storyboard;
			sourceTree = "<group>";
		};
/* End PBXVariantGroup section */

/* Begin XCBuildConfiguration section */
		0960B9DA2910836000B74480 /* Debug */ = {
			isa = XCBuildConfiguration;
			buildSettings = {
				ALWAYS_SEARCH_USER_PATHS = NO;
				CLANG_ANALYZER_NONNULL = YES;
				CLANG_ANALYZER_NUMBER_OBJECT_CONVERSION = YES_AGGRESSIVE;
				CLANG_CXX_LANGUAGE_STANDARD = "gnu++20";
				CLANG_ENABLE_MODULES = YES;
				CLANG_ENABLE_OBJC_ARC = YES;
				CLANG_ENABLE_OBJC_WEAK = YES;
				CLANG_WARN_BLOCK_CAPTURE_AUTORELEASING = YES;
				CLANG_WARN_BOOL_CONVERSION = YES;
				CLANG_WARN_COMMA = YES;
				CLANG_WARN_CONSTANT_CONVERSION = YES;
				CLANG_WARN_DEPRECATED_OBJC_IMPLEMENTATIONS = YES;
				CLANG_WARN_DIRECT_OBJC_ISA_USAGE = YES_ERROR;
				CLANG_WARN_DOCUMENTATION_COMMENTS = YES;
				CLANG_WARN_EMPTY_BODY = YES;
				CLANG_WARN_ENUM_CONVERSION = YES;
				CLANG_WARN_INFINITE_RECURSION = YES;
				CLANG_WARN_INT_CONVERSION = YES;
				CLANG_WARN_NON_LITERAL_NULL_CONVERSION = YES;
				CLANG_WARN_OBJC_IMPLICIT_RETAIN_SELF = YES;
				CLANG_WARN_OBJC_LITERAL_CONVERSION = YES;
				CLANG_WARN_OBJC_ROOT_CLASS = YES_ERROR;
				CLANG_WARN_QUOTED_INCLUDE_IN_FRAMEWORK_HEADER = YES;
				CLANG_WARN_RANGE_LOOP_ANALYSIS = YES;
				CLANG_WARN_STRICT_PROTOTYPES = YES;
				CLANG_WARN_SUSPICIOUS_MOVE = YES;
				CLANG_WARN_UNGUARDED_AVAILABILITY = YES_AGGRESSIVE;
				CLANG_WARN_UNREACHABLE_CODE = YES;
				CLANG_WARN__DUPLICATE_METHOD_MATCH = YES;
				COPY_PHASE_STRIP = NO;
				DEBUG_INFORMATION_FORMAT = dwarf;
				ENABLE_STRICT_OBJC_MSGSEND = YES;
				ENABLE_TESTABILITY = YES;
				GCC_C_LANGUAGE_STANDARD = gnu11;
				GCC_DYNAMIC_NO_PIC = NO;
				GCC_NO_COMMON_BLOCKS = YES;
				GCC_OPTIMIZATION_LEVEL = 0;
				GCC_PREPROCESSOR_DEFINITIONS = (
					"DEBUG=1",
					"$(inherited)",
				);
				GCC_WARN_64_TO_32_BIT_CONVERSION = YES;
				GCC_WARN_ABOUT_RETURN_TYPE = YES_ERROR;
				GCC_WARN_UNDECLARED_SELECTOR = YES;
				GCC_WARN_UNINITIALIZED_AUTOS = YES_AGGRESSIVE;
				GCC_WARN_UNUSED_FUNCTION = YES;
				GCC_WARN_UNUSED_VARIABLE = YES;
				IPHONEOS_DEPLOYMENT_TARGET = 16.0;
				MTL_ENABLE_DEBUG_INFO = INCLUDE_SOURCE;
				MTL_FAST_MATH = YES;
				ONLY_ACTIVE_ARCH = YES;
				SDKROOT = iphoneos;
				SWIFT_ACTIVE_COMPILATION_CONDITIONS = DEBUG;
				SWIFT_OPTIMIZATION_LEVEL = "-Onone";
			};
			name = Debug;
		};
		0960B9DB2910836000B74480 /* Release */ = {
			isa = XCBuildConfiguration;
			buildSettings = {
				ALWAYS_SEARCH_USER_PATHS = NO;
				CLANG_ANALYZER_NONNULL = YES;
				CLANG_ANALYZER_NUMBER_OBJECT_CONVERSION = YES_AGGRESSIVE;
				CLANG_CXX_LANGUAGE_STANDARD = "gnu++20";
				CLANG_ENABLE_MODULES = YES;
				CLANG_ENABLE_OBJC_ARC = YES;
				CLANG_ENABLE_OBJC_WEAK = YES;
				CLANG_WARN_BLOCK_CAPTURE_AUTORELEASING = YES;
				CLANG_WARN_BOOL_CONVERSION = YES;
				CLANG_WARN_COMMA = YES;
				CLANG_WARN_CONSTANT_CONVERSION = YES;
				CLANG_WARN_DEPRECATED_OBJC_IMPLEMENTATIONS = YES;
				CLANG_WARN_DIRECT_OBJC_ISA_USAGE = YES_ERROR;
				CLANG_WARN_DOCUMENTATION_COMMENTS = YES;
				CLANG_WARN_EMPTY_BODY = YES;
				CLANG_WARN_ENUM_CONVERSION = YES;
				CLANG_WARN_INFINITE_RECURSION = YES;
				CLANG_WARN_INT_CONVERSION = YES;
				CLANG_WARN_NON_LITERAL_NULL_CONVERSION = YES;
				CLANG_WARN_OBJC_IMPLICIT_RETAIN_SELF = YES;
				CLANG_WARN_OBJC_LITERAL_CONVERSION = YES;
				CLANG_WARN_OBJC_ROOT_CLASS = YES_ERROR;
				CLANG_WARN_QUOTED_INCLUDE_IN_FRAMEWORK_HEADER = YES;
				CLANG_WARN_RANGE_LOOP_ANALYSIS = YES;
				CLANG_WARN_STRICT_PROTOTYPES = YES;
				CLANG_WARN_SUSPICIOUS_MOVE = YES;
				CLANG_WARN_UNGUARDED_AVAILABILITY = YES_AGGRESSIVE;
				CLANG_WARN_UNREACHABLE_CODE = YES;
				CLANG_WARN__DUPLICATE_METHOD_MATCH = YES;
				COPY_PHASE_STRIP = NO;
				DEBUG_INFORMATION_FORMAT = "dwarf-with-dsym";
				ENABLE_NS_ASSERTIONS = NO;
				ENABLE_STRICT_OBJC_MSGSEND = YES;
				GCC_C_LANGUAGE_STANDARD = gnu11;
				GCC_NO_COMMON_BLOCKS = YES;
				GCC_WARN_64_TO_32_BIT_CONVERSION = YES;
				GCC_WARN_ABOUT_RETURN_TYPE = YES_ERROR;
				GCC_WARN_UNDECLARED_SELECTOR = YES;
				GCC_WARN_UNINITIALIZED_AUTOS = YES_AGGRESSIVE;
				GCC_WARN_UNUSED_FUNCTION = YES;
				GCC_WARN_UNUSED_VARIABLE = YES;
				IPHONEOS_DEPLOYMENT_TARGET = 16.0;
				MTL_ENABLE_DEBUG_INFO = NO;
				MTL_FAST_MATH = YES;
				SDKROOT = iphoneos;
				SWIFT_COMPILATION_MODE = wholemodule;
				SWIFT_OPTIMIZATION_LEVEL = "-O";
				VALIDATE_PRODUCT = YES;
			};
			name = Release;
		};
		0960B9DD2910836000B74480 /* Debug */ = {
			isa = XCBuildConfiguration;
			buildSettings = {
				ASSETCATALOG_COMPILER_APPICON_NAME = AppIcon;
				ASSETCATALOG_COMPILER_GLOBAL_ACCENT_COLOR_NAME = AccentColor;
				CODE_SIGN_STYLE = Automatic;
				CURRENT_PROJECT_VERSION = 1;
				DEVELOPMENT_TEAM = AMCD34BNKR;
				GENERATE_INFOPLIST_FILE = YES;
				INFOPLIST_FILE = MobileTestTaskGora/Info.plist;
				INFOPLIST_KEY_UIApplicationSupportsIndirectInputEvents = YES;
				INFOPLIST_KEY_UILaunchStoryboardName = LaunchScreen;
				INFOPLIST_KEY_UISupportedInterfaceOrientations_iPad = "UIInterfaceOrientationPortrait UIInterfaceOrientationPortraitUpsideDown UIInterfaceOrientationLandscapeLeft UIInterfaceOrientationLandscapeRight";
				INFOPLIST_KEY_UISupportedInterfaceOrientations_iPhone = "UIInterfaceOrientationPortrait UIInterfaceOrientationLandscapeLeft UIInterfaceOrientationLandscapeRight";
				LD_RUNPATH_SEARCH_PATHS = (
					"$(inherited)",
					"@executable_path/Frameworks",
				);
				MARKETING_VERSION = 1.0;
				PRODUCT_BUNDLE_IDENTIFIER = com.DenisNik.MobileTestTaskGora;
				PRODUCT_NAME = "$(TARGET_NAME)";
				SWIFT_EMIT_LOC_STRINGS = YES;
				SWIFT_VERSION = 5.0;
				TARGETED_DEVICE_FAMILY = "1,2";
			};
			name = Debug;
		};
		0960B9DE2910836000B74480 /* Release */ = {
			isa = XCBuildConfiguration;
			buildSettings = {
				ASSETCATALOG_COMPILER_APPICON_NAME = AppIcon;
				ASSETCATALOG_COMPILER_GLOBAL_ACCENT_COLOR_NAME = AccentColor;
				CODE_SIGN_STYLE = Automatic;
				CURRENT_PROJECT_VERSION = 1;
				DEVELOPMENT_TEAM = AMCD34BNKR;
				GENERATE_INFOPLIST_FILE = YES;
				INFOPLIST_FILE = MobileTestTaskGora/Info.plist;
				INFOPLIST_KEY_UIApplicationSupportsIndirectInputEvents = YES;
				INFOPLIST_KEY_UILaunchStoryboardName = LaunchScreen;
				INFOPLIST_KEY_UISupportedInterfaceOrientations_iPad = "UIInterfaceOrientationPortrait UIInterfaceOrientationPortraitUpsideDown UIInterfaceOrientationLandscapeLeft UIInterfaceOrientationLandscapeRight";
				INFOPLIST_KEY_UISupportedInterfaceOrientations_iPhone = "UIInterfaceOrientationPortrait UIInterfaceOrientationLandscapeLeft UIInterfaceOrientationLandscapeRight";
				LD_RUNPATH_SEARCH_PATHS = (
					"$(inherited)",
					"@executable_path/Frameworks",
				);
				MARKETING_VERSION = 1.0;
				PRODUCT_BUNDLE_IDENTIFIER = com.DenisNik.MobileTestTaskGora;
				PRODUCT_NAME = "$(TARGET_NAME)";
				SWIFT_EMIT_LOC_STRINGS = YES;
				SWIFT_VERSION = 5.0;
				TARGETED_DEVICE_FAMILY = "1,2";
			};
			name = Release;
		};
		F6C975442911A5A30049FF39 /* Debug */ = {
			isa = XCBuildConfiguration;
			buildSettings = {
				BUNDLE_LOADER = "$(TEST_HOST)";
				CODE_SIGN_STYLE = Automatic;
				CURRENT_PROJECT_VERSION = 1;
				DEVELOPMENT_TEAM = 43BA3A7UV4;
				GENERATE_INFOPLIST_FILE = YES;
				MARKETING_VERSION = 1.0;
				PRODUCT_BUNDLE_IDENTIFIER = ru.dmitry.nikishov.MobileTestTaskGoraTests;
				PRODUCT_NAME = "$(TARGET_NAME)";
				SWIFT_EMIT_LOC_STRINGS = NO;
				SWIFT_VERSION = 5.0;
				TARGETED_DEVICE_FAMILY = "1,2";
				TEST_HOST = "$(BUILT_PRODUCTS_DIR)/MobileTestTaskGora.app/$(BUNDLE_EXECUTABLE_FOLDER_PATH)/MobileTestTaskGora";
			};
			name = Debug;
		};
		F6C975452911A5A30049FF39 /* Release */ = {
			isa = XCBuildConfiguration;
			buildSettings = {
				BUNDLE_LOADER = "$(TEST_HOST)";
				CODE_SIGN_STYLE = Automatic;
				CURRENT_PROJECT_VERSION = 1;
				DEVELOPMENT_TEAM = 43BA3A7UV4;
				GENERATE_INFOPLIST_FILE = YES;
				MARKETING_VERSION = 1.0;
				PRODUCT_BUNDLE_IDENTIFIER = ru.dmitry.nikishov.MobileTestTaskGoraTests;
				PRODUCT_NAME = "$(TARGET_NAME)";
				SWIFT_EMIT_LOC_STRINGS = NO;
				SWIFT_VERSION = 5.0;
				TARGETED_DEVICE_FAMILY = "1,2";
				TEST_HOST = "$(BUILT_PRODUCTS_DIR)/MobileTestTaskGora.app/$(BUNDLE_EXECUTABLE_FOLDER_PATH)/MobileTestTaskGora";
			};
			name = Release;
		};
/* End XCBuildConfiguration section */

/* Begin XCConfigurationList section */
		0960B9C32910835E00B74480 /* Build configuration list for PBXProject "MobileTestTaskGora" */ = {
			isa = XCConfigurationList;
			buildConfigurations = (
				0960B9DA2910836000B74480 /* Debug */,
				0960B9DB2910836000B74480 /* Release */,
			);
			defaultConfigurationIsVisible = 0;
			defaultConfigurationName = Release;
		};
		0960B9DC2910836000B74480 /* Build configuration list for PBXNativeTarget "MobileTestTaskGora" */ = {
			isa = XCConfigurationList;
			buildConfigurations = (
				0960B9DD2910836000B74480 /* Debug */,
				0960B9DE2910836000B74480 /* Release */,
			);
			defaultConfigurationIsVisible = 0;
			defaultConfigurationName = Release;
		};
		F6C975432911A5A30049FF39 /* Build configuration list for PBXNativeTarget "MobileTestTaskGoraTests" */ = {
			isa = XCConfigurationList;
			buildConfigurations = (
				F6C975442911A5A30049FF39 /* Debug */,
				F6C975452911A5A30049FF39 /* Release */,
			);
			defaultConfigurationIsVisible = 0;
			defaultConfigurationName = Release;
		};
/* End XCConfigurationList section */
	};
	rootObject = 0960B9C02910835E00B74480 /* Project object */;
}
